
Microsoft Visual Studio Solution File, Format Version 12.00
# Visual Studio Version 16
VisualStudioVersion = 16.0.808.3
MinimumVisualStudioVersion = 10.0.40219.1
Project("{FAE04EC0-301F-11D3-BF4B-00C04F79EFBC}") = "Demo.Forms", "Demo.Forms.csproj", "{4AA50BBE-E4EA-4ECD-A150-CD6531534391}"
EndProject
Global
	GlobalSection(SolutionConfigurationPlatforms) = preSolution
		Debug|Any CPU = Debug|Any CPU
		Release|Any CPU = Release|Any CPU
	EndGlobalSection
	GlobalSection(ProjectConfigurationPlatforms) = postSolution
		{4AA50BBE-E4EA-4ECD-A150-CD6531534391}.Debug|Any CPU.ActiveCfg = Debug|Any CPU
		{4AA50BBE-E4EA-4ECD-A150-CD6531534391}.Debug|Any CPU.Build.0 = Debug|Any CPU
		{4AA50BBE-E4EA-4ECD-A150-CD6531534391}.Release|Any CPU.ActiveCfg = Release|Any CPU
		{4AA50BBE-E4EA-4ECD-A150-CD6531534391}.Release|Any CPU.Build.0 = Release|Any CPU
	EndGlobalSection
	GlobalSection(SolutionProperties) = preSolution
		HideSolutionNode = FALSE
	EndGlobalSection
	GlobalSection(ExtensibilityGlobals) = postSolution
		SolutionGuid = {431E48D8-E17F-404E-B470-218CD6EB7268}
	EndGlobalSection
EndGlobal
